
Microsoft Visual Studio Solution File, Format Version 12.00
# Visual Studio Version 17
VisualStudioVersion = 17.0.32014.148
MinimumVisualStudioVersion = 10.0.40219.1
Project("{9A19103F-16F7-4668-BE54-9A1E7A4F7556}") = "OnlineShop.API", "OnlineShop.API\OnlineShop.API.csproj", "{EE6FA990-D257-46B5-8AB1-D7B67BCA03C5}"
EndProject
Project("{9A19103F-16F7-4668-BE54-9A1E7A4F7556}") = "OnlineShop.Data", "OnlineShop.Data\OnlineShop.Data.csproj", "{8F78CF81-700A-4F9D-B552-97347C53FA2B}"
EndProject
Project("{9A19103F-16F7-4668-BE54-9A1E7A4F7556}") = "OnlineShop.WebSite", "OnlineShop.WebSite\OnlineShop.WebSite.csproj", "{CCB4193A-2366-4206-B2D1-C78BECB954DA}"
EndProject
Project("{9A19103F-16F7-4668-BE54-9A1E7A4F7556}") = "OnlineShop.Bot", "OnlineShop.Bot\OnlineShop.Bot.csproj", "{365F7F77-8750-4608-9082-B91A57CF4594}"
EndProject
Project("{FAE04EC0-301F-11D3-BF4B-00C04F79EFBC}") = "OnlineShop.Admin", "OnlineShop.Admin\OnlineShop.Admin.csproj", "{700273D4-DE91-481F-902A-7799F52E2C41}"
EndProject
Project("{E24C65DC-7377-472B-9ABA-BC803B73C61A}") = "Dashboard-d7a47a84eae19d4805f5f227b71e7e3704bb971d", "C:\Users\Nodirbek\Desktop\Dashboard-d7a47a84eae19d4805f5f227b71e7e3704bb971d\", "{961C87B4-AB93-4B6D-9D2D-F1E8C416F12C}"
	ProjectSection(WebsiteProperties) = preProject
		TargetFrameworkMoniker = ".NETFramework,Version%3Dv4.0"
		Debug.AspNetCompiler.VirtualPath = "/localhost_57964"
		Debug.AspNetCompiler.PhysicalPath = "C:\Users\Nodirbek\Desktop\Dashboard-d7a47a84eae19d4805f5f227b71e7e3704bb971d\"
		Debug.AspNetCompiler.TargetPath = "PrecompiledWeb\localhost_57964\"
		Debug.AspNetCompiler.Updateable = "true"
		Debug.AspNetCompiler.ForceOverwrite = "true"
		Debug.AspNetCompiler.FixedNames = "false"
		Debug.AspNetCompiler.Debug = "True"
		Release.AspNetCompiler.VirtualPath = "/localhost_57964"
		Release.AspNetCompiler.PhysicalPath = "C:\Users\Nodirbek\Desktop\Dashboard-d7a47a84eae19d4805f5f227b71e7e3704bb971d\"
		Release.AspNetCompiler.TargetPath = "PrecompiledWeb\localhost_57964\"
		Release.AspNetCompiler.Updateable = "true"
		Release.AspNetCompiler.ForceOverwrite = "true"
		Release.AspNetCompiler.FixedNames = "false"
		Release.AspNetCompiler.Debug = "False"
		VWDPort = "57964"
	EndProjectSection
EndProject
Global
	GlobalSection(SolutionConfigurationPlatforms) = preSolution
		Debug|Any CPU = Debug|Any CPU
		Release|Any CPU = Release|Any CPU
	EndGlobalSection
	GlobalSection(ProjectConfigurationPlatforms) = postSolution
		{EE6FA990-D257-46B5-8AB1-D7B67BCA03C5}.Debug|Any CPU.ActiveCfg = Debug|Any CPU
		{EE6FA990-D257-46B5-8AB1-D7B67BCA03C5}.Debug|Any CPU.Build.0 = Debug|Any CPU
		{EE6FA990-D257-46B5-8AB1-D7B67BCA03C5}.Release|Any CPU.ActiveCfg = Release|Any CPU
		{EE6FA990-D257-46B5-8AB1-D7B67BCA03C5}.Release|Any CPU.Build.0 = Release|Any CPU
		{8F78CF81-700A-4F9D-B552-97347C53FA2B}.Debug|Any CPU.ActiveCfg = Debug|Any CPU
		{8F78CF81-700A-4F9D-B552-97347C53FA2B}.Debug|Any CPU.Build.0 = Debug|Any CPU
		{8F78CF81-700A-4F9D-B552-97347C53FA2B}.Release|Any CPU.ActiveCfg = Release|Any CPU
		{8F78CF81-700A-4F9D-B552-97347C53FA2B}.Release|Any CPU.Build.0 = Release|Any CPU
		{CCB4193A-2366-4206-B2D1-C78BECB954DA}.Debug|Any CPU.ActiveCfg = Debug|Any CPU
		{CCB4193A-2366-4206-B2D1-C78BECB954DA}.Debug|Any CPU.Build.0 = Debug|Any CPU
		{CCB4193A-2366-4206-B2D1-C78BECB954DA}.Release|Any CPU.ActiveCfg = Release|Any CPU
		{CCB4193A-2366-4206-B2D1-C78BECB954DA}.Release|Any CPU.Build.0 = Release|Any CPU
		{365F7F77-8750-4608-9082-B91A57CF4594}.Debug|Any CPU.ActiveCfg = Debug|Any CPU
		{365F7F77-8750-4608-9082-B91A57CF4594}.Debug|Any CPU.Build.0 = Debug|Any CPU
		{365F7F77-8750-4608-9082-B91A57CF4594}.Release|Any CPU.ActiveCfg = Release|Any CPU
		{365F7F77-8750-4608-9082-B91A57CF4594}.Release|Any CPU.Build.0 = Release|Any CPU
		{700273D4-DE91-481F-902A-7799F52E2C41}.Debug|Any CPU.ActiveCfg = Debug|Any CPU
		{700273D4-DE91-481F-902A-7799F52E2C41}.Debug|Any CPU.Build.0 = Debug|Any CPU
		{700273D4-DE91-481F-902A-7799F52E2C41}.Release|Any CPU.ActiveCfg = Release|Any CPU
		{700273D4-DE91-481F-902A-7799F52E2C41}.Release|Any CPU.Build.0 = Release|Any CPU
		{961C87B4-AB93-4B6D-9D2D-F1E8C416F12C}.Debug|Any CPU.ActiveCfg = Debug|Any CPU
		{961C87B4-AB93-4B6D-9D2D-F1E8C416F12C}.Debug|Any CPU.Build.0 = Debug|Any CPU
		{961C87B4-AB93-4B6D-9D2D-F1E8C416F12C}.Release|Any CPU.ActiveCfg = Debug|Any CPU
		{961C87B4-AB93-4B6D-9D2D-F1E8C416F12C}.Release|Any CPU.Build.0 = Debug|Any CPU
	EndGlobalSection
	GlobalSection(SolutionProperties) = preSolution
		HideSolutionNode = FALSE
	EndGlobalSection
	GlobalSection(ExtensibilityGlobals) = postSolution
		SolutionGuid = {3662E602-04E8-40CE-ABF2-1DF975B52744}
	EndGlobalSection
EndGlobal
